# This file was autogenerated by uv via the following command:
#    uv pip compile pyproject.toml --extra dev --generate-hashes --universal --python-version 3.12 -o requirements-dev.lock
colorama==0.4.6 ; sys_platform == 'win32' \
    --hash=sha256:08695f5cb7ed6e0531a20572697297273c47b8cae5a63ffc6d6ed5c201be6e44 \
    --hash=sha256:4f1d9991f5acc0ca119f9d443620b77f9d6b33703e51011c16baf57afb285fc6
    # via pytest
formulaic==1.2.2 \
    --hash=sha256:0f84ff49e3fc9dc0e68ab08a0a9427874021aa6c558e66b44dc634a35739b09b \
    --hash=sha256:c99e8f11ff7d327eaecaf63855ca69b7fa0da100ad6c0041ef80912fbac667e6
    # via statsmodels
hypothesis==6.168.3 \
    --hash=sha256:01768a03a30dc54df7fe457c0b34016c84d598fa00d5965ededab93ba4eb3408 \
    --hash=sha256:0369f5df055f96e117ab12e5f249668ff144731ab5280bc7a205fdf81f990b89 \
    --hash=sha256:03b131043608f94a2578a2a896a1a72092acb7079815eef5b8513b08447e0e62 \
    --hash=sha256:0608c610fc002978fc5de0f471770d8817e9455cb8649a47983c9f8bccfc1897 \
    --hash=sha256:0bdfc53c041b61c854fa3761735736b991bc2bddafee45a361cfe4d43027c1ef \
    --hash=sha256:0df00cbe8133aa220308d11fa28e3add996cf5102a39b279c1d711015fd9114b \
    --hash=sha256:0e1d91530cefdb9e0b6467c203eb509c61a11d70480a37db59cb53a2f9913102 \
    --hash=sha256:101531b4ccf7fa12965a6b295d10b64c2f8a8fab61e1f9b18c55335d8fb02575 \
    --hash=sha256:140fe3cc7ba98a4ffeeb6492c318b43c326110a4d7b4f56bb759d5c264e2dc1c \
    --hash=sha256:1a8a4ffc6c6e6e577f2bfbcfebf7cffbb310283ba2532c729570a0a752cebaaa \
    --hash=sha256:1b230a850de63334c16654a34a2d547e0179d36b9071d4439b3e7237f6d077e7 \
    --hash=sha256:209dc54cdb1b4d6d7020ad8d09e44c49756361b7183adacea4d6f5705085b595 \
    --hash=sha256:26084ef31653108da9e5eb171278a1d930e90d8631604391f828219f5c1f6cb2 \
    --hash=sha256:26928956c54748e4dfa587333741ab750246123b93484955646ff316cca27eef \
    --hash=sha256:28d88fa174ecbd4ecbd7bb290f06d0db084a3971c3f511ae2830b65b5e25500f \
    --hash=sha256:29dc56e6dc6eeb0aeb08ac463f847279bde2336c4786faf7ee0af4b93cd031a7 \
    --hash=sha256:2b52ac363096232bebc2add117e9178d91f4248f4cdb919fd1026b5f86a4bb16 \
    --hash=sha256:320920b1e3dae8611eee8a03d063cf2187446f2a17c38cfb8a7fc1466f71eee2 \
    --hash=sha256:32d0699566aaa93f9e97a44705d7164386f1e91de78d277f53bada35e78bcc96 \
    --hash=sha256:35380baa981108a7f60c4eab71e46acd8d8f58440520346a1a6aba06dca7e074 \
    --hash=sha256:377438de53afb94347d9845b7d90db5905c6d2a8d612108e9938e0f80503bb90 \
    --hash=sha256:3bc85014577982ec6d2e266edc5cd6e7a7d3674c648791ca983c67a52f89a0c4 \
    --hash=sha256:3cf6f1eeaf41cd8d60cf1f88fde905ca1dd77c906929a507d6ac7f66f2ccba2a \
    --hash=sha256:3ef7d26f5789e691401d5f87eafed9bd2763f0dbe47af6d6b66012a509404766 \
    --hash=sha256:3f1122223759acc0fe5301c1ae505d762ee61af91db7b191a791ccdbcd965462 \
    --hash=sha256:41e0120814de5c3a6b58d8cb27cb11b8873ab33fba130cd09855a27f5a12a1ca \
    --hash=sha256:44ace770bda3a0301739fc5a413c764de790c739df1f1a7218dd049f8594d9f5 \
    --hash=sha256:4bedbb379eab34f792af7ee9a05aae04e9c08bbb52e0f90f5a2110d4fe4b2fbd \
    --hash=sha256:558625ff28e415f2f770cad618c2c9e05a045a6586949397f178d537bec2f083 \
    --hash=sha256:5a953115b9f5c95133ab2d04efffeec96e5658c3207923dca7285f7db3e6bbef \
    --hash=sha256:6042b8707a4b25bbbfe20b110258fb7549a68951e5525608a8ce06091039e9fc \
    --hash=sha256:6173558e676ad25ed1e20507fa4024a0d816dd90f715f77006e5a28f19109026 \
    --hash=sha256:61f5782d807b1e6aa5c9beef1054cb2037e7d1add48a64972cd6ee447778781f \
    --hash=sha256:650528e2b1e2a45e95c2df624d4b9364b8ac5a027ba84e1eea2bc5398dd01dcd \
    --hash=sha256:65d78e4357ec48ed2c67825f06740ee3599be4cfe770a6092bed07108d679ac5 \
    --hash=sha256:71ab606c472449cb872ef2a7acaec679ee4f651b7f0a477a04ebc85d8933ef8c \
    --hash=sha256:7311d8ff296806ea41513d52edc832fcf43a1dc8d5c5f308cc386fc31b253a05 \
    --hash=sha256:73960a58f6efc8cbc57d8ad0647955f7c5b25f3d562e3eaa57afa1c69894f7aa \
    --hash=sha256:73c5627497968cc62d140e9fde1ea21e12cac7b64dc419fea8286cd34ff1ad4e \
    --hash=sha256:753bb501f8560d2e321ed3b62596b4496c56f15668b0a0669231ccc3e6c4e80d \
    --hash=sha256:785e2c45f8c08e274b4bf1ccae97f1a4e09407e9a68e80790cfab1d17a4a45fa \
    --hash=sha256:7aacf3cf40c7ce8f9e4924d5b57bc0b068beafdfed2347bcf160a28b4cfbba7b \
    --hash=sha256:7b9638789548361a57d984f56619ac694a914c328181d911271618409261ff4a \
    --hash=sha256:818b3d09bba60ef90463e47a4bc87275dba1e8aeb184d3102888440ca7c7837d \
    --hash=sha256:8367f623a98cbf90f33fd2a43b100671b152b5975bc343a578290945f52f7018 \
    --hash=sha256:836eda971f25ddfce274107ed113297e8acede8d9b267775742b8ba8a404d0f0 \
    --hash=sha256:9029775dc2e25e3e8e596c4306926f0079158353631c7c52c285bbc5c8073c2b \
    --hash=sha256:92325b276360fe86c5bf71a568c0d53a6d140b0de36dcf029f9164a17803bb24 \
    --hash=sha256:9b2d47f5d9060b049039bef0b267e88480f6468f95ee394e514e84a81ccdc5f5 \
    --hash=sha256:9d120009d145697909f2f0c532f2d568558ddd6990707f8cba6576bfb9770696 \
    --hash=sha256:9dcf6448b1ecc37f2b23f2d1b3ddfc9ff6b6910614c15a642dc82f419b96037b \
    --hash=sha256:9e3c36eba80e089ecfa28ec08049723223cb41d3cfe4d9988169cf98440e402b \
    --hash=sha256:a43388f9067678fef6e13bdff325b6cfa6961a590498bb37f7ff31589c83bc75 \
    --hash=sha256:aac5889ea7b0b86cf2bf5709250b7576c44859dd249d1be23c009a7d6fb9f742 \
    --hash=sha256:ae4f9f094041dcce5119ebd7bab71062743ab02b6e654d056b370beda78c19e2 \
    --hash=sha256:af8ca98cd11dc7f9427bb90483abcd9688d4df2e8e63893a30a2423b027ebb11 \
    --hash=sha256:b1872d2dc3f3758dfbf17cc39838b8e6b6a5c39a37811c067245e87b12d50f74 \
    --hash=sha256:b345f818083ec99966a43ca4f7b38feb62c6920ce28572bc2bde4948a8b7eaba \
    --hash=sha256:b823ba1fcec8da730f29316d010b06d3f7e0c3828dcf91020e24c55e7d24652a \
    --hash=sha256:b987d73eba95183a7e59cca6d1925c588aa4307922d9852cc2b4d282a2ae4128 \
    --hash=sha256:bb1063cb794765097b8c0add598bd34a904f44dc15db81275dd1f0ed1ac567ed \
    --hash=sha256:bc2b1c37631f2231dd0d077225aa5908fc2bd34a4c3faf475053b0bc2eb24c95 \
    --hash=sha256:bff12e036b67abc5ded682f724f4d7afaff5223190270a0763695f218c079068 \
    --hash=sha256:c73c6188056e6dc110260e39d141c69c3d02f23e3ba1d8610c7a8b6f2510ec96 \
    --hash=sha256:ccfc29505aa1cdcc254cb9cd701fd0811fef5480addd97d4127a00df023410f7 \
    --hash=sha256:d20972ca134e652e9928ecd200966a8a2857adc2812c1d74b12a872e5cd503eb \
    --hash=sha256:d28e3a6b511a74ce37df5274b51f36c2b274fea7365e00b16f0c81e22acd5957 \
    --hash=sha256:d4569c39bd97d9573e946429ed676f3b55a7c8ed80920addd67d384a47d59b38 \
    --hash=sha256:d479985fe73af97badfb72dc6d20c6a353e486a36f6d065f600026e0cf954a86 \
    --hash=sha256:d63b0226cd3e0d8bdd97c3384b22a21934ed4d53246c1c93575dada616672499 \
    --hash=sha256:dc66390fb12d80585aa9222bf538ce8b7aa22cf5d118250647355a1c9e8f62f4 \
    --hash=sha256:dd2849c269d674e4618590f3b48d443bd4c06b5aef3d8d869086c2e6d213d248 \
    --hash=sha256:e2d4c68729a13df9af4998d2652cfb5d541c5609b88c306880a5dfb284938ec2 \
    --hash=sha256:e9784aca26eddfe99b03a0292320db742cc8a74200ef864fdce949f526f973cd \
    --hash=sha256:eafbec09d3e87d13d8242411d1f5868b5e879f1bd6d95e233e9ff80c527bea1c \
    --hash=sha256:f071737e4e775bebba07e319eb645a880d1e0186b4d24bad23255e849d86d483 \
    --hash=sha256:f076bcd0f77fdcdb7797826c879099573d03a02e228ebe649ea917081b962ac0 \
    --hash=sha256:f09c05a23a8025dd5cad07c2ed299a46778e72d49ff0dd5bf353bcc0f7dc1580 \
    --hash=sha256:f0aaaed00438fa6673d856aaee12a4a8afbde82a9f3c5ff487cacfb064239afe \
    --hash=sha256:f27e6df1576bf838e7f484d4ae5cba92114497ca30afb917056bf1ea33e95675 \
    --hash=sha256:f413629de94d38a7a2ad259697a6752526143cb49c2e2d7bdba19381c80693f6 \
    --hash=sha256:f59a3912858d0609c26054aa1c474847c797937f5e0e1c77f0d3f08032e50f09 \
    --hash=sha256:f8122cfdd0bc0ba843063effa22ac310bdebdb3a1319bf1e63f14baa119c72ab \
    --hash=sha256:fd7f75a2e23288ee82ee965a952473d9c5447c2cbc1afc94be09d2402201774e \
    --hash=sha256:fd81241f4cd76fb18d481e87b9688b30a0cb5c30841730513323ba1c7aba1837
    # via rubricon (pyproject.toml)
iniconfig==2.3.0 \
    --hash=sha256:c76315c77db068650d49c5b56314774a7804df16fee4402c1f19d6d15d8c4730 \
    --hash=sha256:f631c04d2c48c52b84d0d0549c99ff3859c98df65b3101406327ecc7d53fbf12
    # via pytest
interface-meta==2.0.1 \
    --hash=sha256:902bd9a95a12f195f15753a1080075d4eca7a2cb934fac7ac03c9e362b50796a \
    --hash=sha256:f38016bef9a4429b6d0792d809be7b65e9781820c674bf7f463999086b6e6323
    # via formulaic
narwhals==2.26.0 \
    --hash=sha256:29326d74f107c347fd1009bd58e38d9f7c7c5b51e6de97bc93dbc325d9038b54 \
    --hash=sha256:6b9cadca82f375c7e4cf584fdc86ca25da54827307a9c58f94547ee6104b82dd
    # via formulaic
numpy==2.5.3 \
    --hash=sha256:012e66aca395d795496446e52aeeb5866312a5d4d3f27da270e5a0b43f70dc5c \
    --hash=sha256:09d5a423c71ad5feb5625844ad58050e35df43871004b52ac9c0ad44a56775be \
    --hash=sha256:09ffa5d903faeaa5c4dd05009cf81c8bab9f2cb37c548b8d39b65b4cfa7c97f7 \
    --hash=sha256:0a59a421a32580a009e8a1751345bf829631b990dc1794b80514ab722b435def \
    --hash=sha256:116f96cadd935c6122e9228d676fe7ede19e741f5c8bb1c3cddbe0c51ccebea2 \
    --hash=sha256:1302b90c0e52281681b2975adfe8a860cb7b12216a27b4b0b4207c44bf7bccf0 \
    --hash=sha256:15aa985ac73a8db02db7663381aa109510449d3819d37206caed27b33a65a8a6 \
    --hash=sha256:1aad64d99730d013cfc6debafed22783b4fc5a7f4b8bc744d2d8cf7dcc880551 \
    --hash=sha256:1c80eabb4035ecf4ca9cd49cde8a9fdd69a729e63e6474887d1523ade7aa277f \
    --hash=sha256:1f3ed25271581281f2fccb1adcedfcde4c07362eec69189b50baf6f90e3ae159 \
    --hash=sha256:1fb6f8fb9ff0b3a69f52c66ce397b0246583e9f28616231b0e32ca49259a5fa6 \
    --hash=sha256:214045a5bf00113a146ab9ee9730c44501af6723cdf1f6830932f7b5ef2e7af0 \
    --hash=sha256:26e15e4aecd8617dfbaecb37d223e365d7b39411fba20454be2670a96aa74cb5 \
    --hash=sha256:2c25dfa72943e4336ddb6b0ee4277b47a0c85bede0807530ec68103bf58e2c10 \
    --hash=sha256:2d8240cb4c16fd831074aa2b2cf9fc54664d826341d61c372245b96a74a49a9a \
    --hash=sha256:350ba9783ce969cf9f7ce6e6a9a58e1a6e2a19ca025b7ee448c4db727706212a \
    --hash=sha256:4c8a6d2ebce6305fd82fbefca827775437147052a976ee7c94b36a0c1b52ac6c \
    --hash=sha256:4f8929ee6c96bfbd7b4ed2032e0c03af86fe1826740ab61ddabf9072d06e57ff \
    --hash=sha256:536f963710a4e63934d80ac0dc4f478804a83e9a84b6828018f25d09953ada33 \
    --hash=sha256:54a115e5a73b8fc44f0cebef486365a1894b5c9760685d4558b72b7c3eb846e0 \
    --hash=sha256:595d020938c84e320bcf40ad71089e108eac0d377cd018e14a8c094f39e98d85 \
    --hash=sha256:66a78fe4556c60aceda5916f9eacd638b18e9e681016ec302dcb4682d6d4d034 \
    --hash=sha256:6b05c171afb3aa07adbd20abc00aea86fe375beb0fdb9ef780ec5b7f63bab1c0 \
    --hash=sha256:6cef4bb1706dfec49243c05d921eefb4e190d41e2528b30d8035ea1f36b4c24a \
    --hash=sha256:6f24021b9f22bc6301c37b196974a92c1c18dccedb6fef3dd252e95f2d6adbe4 \
    --hash=sha256:71b39d9f935b6ec0f8753e3e2afb51e3efba6f2e05b68b32a40754d24bcd4a3c \
    --hash=sha256:71cad2b2a7451ab79d8f5e71b453485b6775963d5cf794179144a7463fe6e8ec \
    --hash=sha256:76c2c1e6bfa5c84adc6434dfbf013aa92096a7985221762c8f11fedfd20fff58 \
    --hash=sha256:8617bbfae4486cf99c9f899966699428d19da931d06ca94ad3da986c76e15997 \
    --hash=sha256:86bff898a431c0fb71f7610b75726e75a54d47b37edc9d537f48de63bb3c0b90 \
    --hash=sha256:8e4dd766076855b5ff7ea52fa5f07ce26286726e0f8bff446b7739d02e6ea204 \
    --hash=sha256:92f30e89b8ee0ecf363033576c422b2f58fed6a80bed0aa48dff6d14c654663e \
    --hash=sha256:93e1f5447e2b1e479d7bd74701e84746b86450cff1fc368b132d195e2b8f8211 \
    --hash=sha256:9a37475425b431b4d060f23b4f52cd2f3aef6bc7c654bd760adf0040eec9d435 \
    --hash=sha256:9deb49575e5b0b94ed72c8a64ec4d033381adc27e9060ae842971f697ba96104 \
    --hash=sha256:a5fa86b80fd24bcd1aff83ad23be44ea323de3f787be8f8b15d4a65621e25321 \
    --hash=sha256:a6391fafaba97500887132cd582abc6e19452b1ac775a47caa7b24490e152058 \
    --hash=sha256:a72f874bc9e10e4b8f80426fb49716d5141f64442a0c8418065093ec8017fbb0 \
    --hash=sha256:ac7bb1c52d445bd4f8f7f97fefe6abc3a084dc4d63df50d79b17fa2b78e89297 \
    --hash=sha256:adc1ada2662f8a5f960b8a10d9986897e7499ef07e06d4cfe7197f8cce923c07 \
    --hash=sha256:b00eefbcf0f292945c4b4dec2ae845389ef5bcdcd596e6e4328051db5b5ba694 \
    --hash=sha256:b0521d0f4aebb6e06189451025fa17a913287b13c03d5fe05c017333b654ea5b \
    --hash=sha256:b5d93cf48f687479941d12b69c873ad2cc76bbd487f0091c2200636497f34034 \
    --hash=sha256:b7e18c623bb5c95acb3b3328861272816ba199fb531921c5d6d0b675f1fde9e3 \
    --hash=sha256:bd4cb9ad3c7889b9b3fe0a9a9fb5d2ed26f9879bff2608d9f01aed147a20d231 \
    --hash=sha256:be5a8381859b6da607c84f4f7d6847725f1cf1853ef8a2c9e115b7d58bef47dc \
    --hash=sha256:befa1ae5bd6030b3f512b43ff3fa5290bbed6b84411a44244b14adf835f5b89d \
    --hash=sha256:bf63afbe037eb5d2fe87fbcc7778e61da53ebaf21d938a4515aa73b62532a5d4 \
    --hash=sha256:c00abe94c1a69d75d827dcf1c025b25c8a45d230b3bcd77a9020883a1b047653 \
    --hash=sha256:c2381f82999704f818e2c987a865050e285ec3621262c66d40f5a96c8f899f8e \
    --hash=sha256:c76d5dde9f445058f83d0c02af00557a4db91de9a9a57c0df87d1535001d654b \
    --hash=sha256:cb189f09db39283b26bfd061ec16189e14f71c6755207f72a0f7540867afe5b9 \
    --hash=sha256:ccb32e0525d29e8b0572eb84c9a57af0e7a4e615726927506f55063c62414034 \
    --hash=sha256:ccbc4665079665c3cf3bab4db9f6b095370cd6437d66be549b6c2a1fd19e1958 \
    --hash=sha256:d1c89973648c85069c5046ad460f7b8a00218b29a2e42359ac8cc63e9ab94832 \
    --hash=sha256:df2d5874ff183595a4ba404edd04f6bd9b5505c1d7708573f6a6c17489a67563 \
    --hash=sha256:e01c918ac3d48e18a927cf7b14a26a3e29ff2bdf2eacb976da0aecd6a43ed034 \
    --hash=sha256:e6ab667ba76450084eb64013762c438ea76d9d29cc676dcd6c2e9892ba37f841 \
    --hash=sha256:e931e4f499e0dc7ef29d269a8e5b35dd722e5d14be07df6240166ea7c6532fae \
    --hash=sha256:f54660b0eb6b0b9f36e7fe1cdfdff472028dd0d14acd9b9b65098efbad059469 \
    --hash=sha256:f59a878c33d6b88122d80d239bb3b845d58708750b0cb06a09aebb9b18ec696c \
    --hash=sha256:f7fabeb6cea87d65f3b926de33d03fb016cfdc29314c90974383b5582ae72891 \
    --hash=sha256:f9579f383d1bf9df80081e72760e84960a7fd4f88cf0c9e535a8597c9bb646f5 \
    --hash=sha256:f9a2353b37a1a9e78fd82b27ad7e2a32a2d036604d18f02b05e3136c62ca3b09 \
    --hash=sha256:fc36dc566135b5eceec4cf89758fcb719266a019ef07dae1754ae7c9f617ef3e \
    --hash=sha256:ffdc76bfcae6b255dff75202c5e7feaf95b40246bc0a17944facc1fecf9f79ab
    # via
    #   formulaic
    #   pandas
    #   patsy
    #   scipy
    #   statsmodels
packaging==26.3 \
    --hash=sha256:94edc256424af38762eb31306eed28beb9f0efc50a8837492c9d6fd6004aed79 \
    --hash=sha256:d7193f7c8e4e93f444fde0262bf90af30e16fa0ad0ad44cb553c87339b23cd1c
    # via
    #   patsy
    #   pytest
    #   statsmodels
pandas==3.0.6 \
    --hash=sha256:0704044b676496b8350e023b09f174a26772456c974a2b11c36bebb558c9490d \
    --hash=sha256:085e3786ae6b2e82b406266bce36690f72b9dc1421903ba9296b2981a9fcf586 \
    --hash=sha256:097090508a1dd335013d39106fc10b20f4fd4a171638e47b77d55798ed9dab6c \
    --hash=sha256:1bcb3e9ed29e74a7439cedff9e2aefd3ea65de84d7de9ccb6c194192541bd60e \
    --hash=sha256:1e7c0afdcaf6661d795fcefc2f647ddd1136f62cdc153fba177c685d97a87808 \
    --hash=sha256:1e92d9fa834c7d877130027cddc0cad8dcff97c1f6cca26bd6310f847228b658 \
    --hash=sha256:22172a92e7ee678ec0140c7af4fc9366b55413834a1cd86af78b3caa0b0574de \
    --hash=sha256:253e12cb9081b0afbac607920f6142975966bc315135e09de275fdbaa415d2de \
    --hash=sha256:265f562fdd1079f69f3de96dd425c3405224038c0af4f920c54bd240ee2c4640 \
    --hash=sha256:2a8fc94be2ee5f1d86f97aacd8cc566f81680b6498e76f3007421bb5d98151bf \
    --hash=sha256:2e5fa32ff162dfdbc280157d664f44d23049ae414725af9676df339c501d82cd \
    --hash=sha256:3ef908d28590b3f42d7070e7ad8f9b34b442b260b7f3c1afb57e0040c58cdb1b \
    --hash=sha256:429d9df32731ab01383ed98f2baa7a60368090d1a94fc06019a12062510e8630 \
    --hash=sha256:47121f9571503f724c9b93e297ab6254ac99c77adf5e9ed085ea419fd585c258 \
    --hash=sha256:4e25e2e1adee99ddfada6f7206a79ae8e9c8a8861b0e3eaaba165006d3eef18e \
    --hash=sha256:4ff44b2cb51cbd691c91f92c4ea6c71e34003f239ebd67c2e857dc898466b49c \
    --hash=sha256:50c44cbf5820b6b91a5f74aae04972472aefadd3cd9fbd1010409d85528bd570 \
    --hash=sha256:569e114072b24fc4970c12e2b4bab252671668a40b324318903380cab0254c0c \
    --hash=sha256:583be68728a31d0d750d5b8d9e00f02b153df0d4655f858bde93cb84cfc4227c \
    --hash=sha256:5e75072773c1b2f7cb63faa3a6f562aede11f3976f68ed34cb538bc091a28171 \
    --hash=sha256:5edd0a7abb0986ecce1ac81f56d99b6763f86aa6946dceb6c661224f90af5a19 \
    --hash=sha256:60d81f9e1799b36f3739e7fff44d1fbb2e8fd5a271b3863e03de9715fccda0fa \
    --hash=sha256:62f51d7f651c8054c5e82a69265c98082e795d1442df7ca6edc3a545d61214b1 \
    --hash=sha256:654aae059295dbba6ecd2328ca12712a2cf1676214c8699f1c29213f7ccf9c34 \
    --hash=sha256:66b07ef7315a31bfe1089cd3d71a7de781c9dca986762d0b4fe7c0ef17465d10 \
    --hash=sha256:6ff482fa91fa2bafd92e8fe66ce3645c851824310f295c1f0a2f96e928fc4541 \
    --hash=sha256:77ccbe5057aece6fc172b9b77f19c04335af6882bc2e10c8f3ee4e6bfb3da553 \
    --hash=sha256:7dac2d65e9087e8e7b5a45fe15c4920911a221df061ab629943ce016489145c7 \
    --hash=sha256:83e91d15738d7783c050197cef2f2cf82fc6353dae9865aa87ed1fa16aa4d55a \
    --hash=sha256:86fa853a12e0b70927e2b1ee00d56d2224ec9cbb4b9d58348b5ad52d2f21150e \
    --hash=sha256:8fe77b408d82e2615674dfed62533b95e18a03610573877422aada4f625d4947 \
    --hash=sha256:963ca21199097a84c7827c4678b04e30833084fbf8ef44fde3fa7180a29f8fa0 \
    --hash=sha256:97274c9adf6255bb48c620cd6959805efa7f09ea2167f0e0ae006a448cd2fca7 \
    --hash=sha256:994a79608263fe1c14cc48ffa7300e2b834b7d1cb406ffe96a08828cb0cdd79b \
    --hash=sha256:9ae8073aed8e21d1a7fe263dcdc6840743549722a6738198a0a46000fa9476f2 \
    --hash=sha256:9dab635a549e58a053c7b0fa054dc0bd7be22f0ed9a720f4a85d5fb993276172 \
    --hash=sha256:9e492cd4bdba6778de4fe0df7f4590c012161ebcf9902dce01b01dc683105514 \
    --hash=sha256:a3a22e07fe75347eaacc75b0e85297947af4fba6b4aae23916bd8b6828d0bba3 \
    --hash=sha256:a4dbd4dc65cbe645b92b8785d0f96dd7311010dc6606cf620e51b07b8788a12a \
    --hash=sha256:a77a1a44e4d88f1c6a2a64d3eb12efec8420875722e14279800b173a7c7c2804 \
    --hash=sha256:b27c8d890e4aa2171437ae2a39de1d215e674158e4865c4023a8b31c932513b2 \
    --hash=sha256:bd75ed0c840f709fc2ae26ddd9534ac77ca1a48ac0cce521a74acaa85f3340a7 \
    --hash=sha256:c6e4aae3e9bea26c6c9a20d88d96c86ec4a99b4db5fd516bcb4e829ab2c0ee36 \
    --hash=sha256:c826e9babb7790142c399f58599d8de679bea059d7b39c5b6efa2096fac37266 \
    --hash=sha256:cc39303913e2ea129915670de5d1c9fbd647f543bb72e5543bac8baa94e9e42f \
    --hash=sha256:d7564d86a94c2eb8ab290b07f63ddaae5c032fa53897c29a2ff2197d43aee8af \
    --hash=sha256:d7dcd21238cbb4828ff148481ba01cac8946dc5121457b5aeba28636f8f99a60 \
    --hash=sha256:db7ec631f26223beee8e5c9e0b8f23c24d8197bbd1d982421d4e3188bea51965 \
    --hash=sha256:e3dccb584123b399c07562ac4d62543e90ede49ddf8ce3c13ffc64cbe828c281 \
    --hash=sha256:e7c1905ef02c3d6d43d9dbd5b6ccb4da4870a0b0c821bbc103fbdb6f3ad2707b \
    --hash=sha256:eb6900de08ac85f93ac4948aa6b80842eba555875337b8359035ac9c43e92d34 \
    --hash=sha256:ee913a91669056c1de1a6b733fbfeab711de9e54e3bee2dfa5fe79d9457247d1 \
    --hash=sha256:ef738d71d1059245b6bb03e312be06d8b3821326a83486c1ad03b9aba3710e44 \
    --hash=sha256:f3ce8a6968045481e91a3990e797e348ce13db45ee164a7095bbc824e26c09dd \
    --hash=sha256:f4e7c52eb108d752e7592268108fd3e98efd76d83a3125cdd06c621c2e44359b \
    --hash=sha256:f8029ec0f1f89e4f985929ce1f6626dabf3140d61a4e9c1215afdab34eaf9a5d \
    --hash=sha256:fb625f426b375bcc96e3a04c5d5d266cd7be6ae5d6866e0e703382ab5164068c \
    --hash=sha256:ff51a4459ed036e93d1eb1bb5e6e7b28685d3cb6b7c12b91c05b31024e234729
    # via
    #   formulaic
    #   statsmodels
patsy==1.0.3 \
    --hash=sha256:79ebf4c93ff4d296e58a9d5be2b2ee31bd49d737cf11d70ffbd8a44b2de42e65 \
    --hash=sha256:d3dbebe8fd5f46e29912d030b63c6268647b59bf788a99e2af28a30234cf357c
    # via statsmodels
pluggy==1.6.0 \
    --hash=sha256:7dcc130b76258d33b90f61b658791dede3486c3e6bfb003ee5c9bfb396dd22f3 \
    --hash=sha256:e920276dd6813095e9377c0bc5566d94c932c33b27a3e3945d8389c374dd4746
    # via pytest
pygments==2.21.0 \
    --hash=sha256:2363c69b61c4a97c838da3b130dcd6468f4848992b21a82f2a63ec34377137d9 \
    --hash=sha256:610ca751c9bc2492b38eb9a38a7fbc93edbbb2d7182edaf34e66ae493dee5c8c
    # via pytest
pytest==9.1.1 \
    --hash=sha256:1088fbde8f2b49d95a549a195707afa7a76a3ce9bcadc26b6d71f0ffda5fe313 \
    --hash=sha256:37a86b45efb9a47a61a36449063e8e18d0cab3161329fc099eb21783169c4f0c
    # via rubricon (pyproject.toml)
python-dateutil==2.9.0.post0 \
    --hash=sha256:37dd54208da7e1cd875388217d5e00ebd4179249f90fb72437e91a35459a0ad3 \
    --hash=sha256:a8b2bc7bffae282281c8140a97d3aa9c14da0b136dfe83f850eea9a5f7470427
    # via pandas
scipy==1.18.1 \
    --hash=sha256:011413b7426b75012840e35649e00fe0a2c3bae89fed433876e3a99251572efc \
    --hash=sha256:0ac49ea97594532dd44b7136094d35f5440fa06e6d9c6384a74c01764df388c5 \
    --hash=sha256:0e82073ecc7acc6436fac4b31674109c7e1d3e596789767eda01258a8c9e8123 \
    --hash=sha256:0fcb3c93519f27bb4f0c4b0f7802cdcaca7fcf93267b75edda2e9f4e8a55cbd7 \
    --hash=sha256:10ac20c69d880f77f375db44c22e3e6a644f9fefa291d4cd2fb9790a89fc99fd \
    --hash=sha256:11c423f1049c5755ad4409af52a9ada1cff96fe9b50795d4af3619f292901239 \
    --hash=sha256:179ce34a8d0fe273d8883ba59e17e052247d08973dfcb743ca52bb1cce2d60b0 \
    --hash=sha256:1bca3b943fc2567ea49cd02c99abde49da4d5178ec46f624bd8255cda8755beb \
    --hash=sha256:1d73131e358976663dd969e1fb4ed1404b815cd977eaaedc3b3a133ba2d81c35 \
    --hash=sha256:2a0b02f9fc46f8520330c23d45e6560db7e3a0d927232139427637f98943e11d \
    --hash=sha256:2d3ab0e8c69a17dd3559eab8cbb88f258e285c94d572c2719033f90f83290c89 \
    --hash=sha256:30f464bee641fa8e282577c7dce027308403213c6ca8270bba73285c91024bc5 \
    --hash=sha256:33a834464fdabc0f26a45508df31b3cc5d028e04dbf6c5ed398541418e0a12fe \
    --hash=sha256:3ab3523da44749156e1f68b464dc56af11ae4cbc5c739a49d05f32b982eca9f3 \
    --hash=sha256:3c085faa2cfa879c5141df483f836f4d691045a078224a670fa570fa01612d89 \
    --hash=sha256:457fd7a2a8edeb044ab6ffbc0aa03ff6cd18491356e5e0c834d76ce621b916d1 \
    --hash=sha256:49023963c193dacee096301452f223ee24d86ec5807f8df93c0f7221d119e305 \
    --hash=sha256:52c4b7422442aba924d03ad4019852b08a92e64ea187b933135687bfe2747307 \
    --hash=sha256:559ed65f60c1af5a03f3912605a1b5114f522c7c32fb23c3376ae8f03219fe28 \
    --hash=sha256:5632e3ae3d09197c446310cd5187de63e28448ce22f0f67b2b93d97503c0c230 \
    --hash=sha256:5e4d44984abc0020154ea81b247adeddcc3ac5527b975ff798bd1ba0adc513c2 \
    --hash=sha256:75b00eb8fb802090aa903f4ea1c7f5a584779f967361e68b7e98e531cc2d7174 \
    --hash=sha256:78a0d7c918e74a232394117160e7e3db503377572a45bcef8826e4ab8a35feba \
    --hash=sha256:78c0665edead396b1abb4897c41a5c1d9bf090c8a637a4c20a61678e0a264e66 \
    --hash=sha256:7bbf207c4453ce1ad2e00b17313852b33310b83090c2311bdaf97f93c0380d12 \
    --hash=sha256:7f4b8bc363b6d65ee2152bec57568e3c52639bb34c46057b09857a307ed5e21d \
    --hash=sha256:82f201b4c878551d48558337aab270d3c6cca5507b8737c8d8a608d234cccde0 \
    --hash=sha256:83de5453a7799afc9048b4616bd085cef126e36412f0ea2f6370c36a2a3a51e7 \
    --hash=sha256:88f0e784020649f88ea48c9f5ddfa403bf9205820667c0914740b392035afb82 \
    --hash=sha256:8bcf3c1ba5d6456e2effd30fcbd3459b044d683fcdac79a2e6830f0bdf7de487 \
    --hash=sha256:911de823097db8b63f034299d12662db93344e6ffa0b881cbb57748974b70168 \
    --hash=sha256:92c14f5bdbfb6216315ce33e78080474082de8b3830122ba97809bfbe65f75c0 \
    --hash=sha256:95298364e251be3e60249facbeeca03631d3bb7584f85879516ec55ac717b81f \
    --hash=sha256:9554bcc6d715ee87a633a3cc8e7703c6628b100dd29cb8a2efc4c0533c7ff729 \
    --hash=sha256:9f2897bf7737392ad0d5213ea7b6add72a4edf5679b3153106aeb88b6507b3b9 \
    --hash=sha256:a1d33a7836f7ddc1993427966a0823468ec41bcbdb1a9f9942d1d7e57f803ba3 \
    --hash=sha256:ac0333bdf38309aa3dcbe7e3fa7ea29e7a2c37c6ea306a757b700ded8e4596ad \
    --hash=sha256:bff0b729edd992766136b34e39cc76bc2fad905aa58897ee72a9cd000a6d8443 \
    --hash=sha256:c24acac1e18912761c4700239bbc1fd32f615af690f1584d49b35859be51324d \
    --hash=sha256:c35d74ce0e193ff740c2f2be2ac913ddc232fe6c1ff40b26cfecb9c670c63314 \
    --hash=sha256:c825cef2f49e46753726a7181a8e199804a912b29519ada542c6ebc654951899 \
    --hash=sha256:c9d18a33309122074ea483dd92dd444189166b8b2ec429fe9ed5ac73c7a0aa23 \
    --hash=sha256:cbf38d043c1aa4ab306e1ada6ab6eddacc3322a20b7af1b30bc93254b366fe09 \
    --hash=sha256:cd479fc04dd9401e3b4f49e76518768ef99c4f517a98c284eb091fd725719adf \
    --hash=sha256:ceb30a00ce7c92d459819443d29ca486d882b83fb6738bdcbb2a1cce94ac5daa \
    --hash=sha256:cfbf154f2ba187f2ed6cce2639efff7d105f1140573642c0161615b6d91d6a87 \
    --hash=sha256:d2924a03db38dc2e848bca2fe9f077dafb891480b91a00a0963a8cf86dfc31c1 \
    --hash=sha256:d416b16cccfd70fbf62400e84d0bb2f4e6af519a45557f1692c749b37f14b315 \
    --hash=sha256:d65d448389b8436493abcf629cc94ad0cf32aecaf06e1acca1de53cc795f2f12 \
    --hash=sha256:d84a09d0dad90ba6525d8ac1c2334b33e64bf3ccfe9e841f02feb867a22681e4 \
    --hash=sha256:ddef79fb382df40104a19bb7151b3b23e57c1778fcf857c71ceecd9bd264513f \
    --hash=sha256:e3b417bf8c2c7c16e8f58ad91db17783ec911ac16e7b50eb6eab6e809b4f5b07 \
    --hash=sha256:e402cf31eb68f453dbb2d36fc6d722b33f24a55d68b2ae1d92fa6305ca71c298 \
    --hash=sha256:e6fb6a55cc0ba97b59a1f288fb86dc6fce8bdfc0fffcbfd015e3a954bf2a2d93 \
    --hash=sha256:e708533e8b2ae2497d65346538a7dcc92814410b25b81432eac66de0f2af8265 \
    --hash=sha256:ea324d9dd34c38bfb9bec8ca4d1b407db97dbb74029f566b8e322b1b6fe56fe6 \
    --hash=sha256:eb0dfcf4e28a99c12c999744a2ff67c9b06200e20401c7c88186e33552a46331 \
    --hash=sha256:eda632a7981f69730d6281f451db9c1c370993a2c0d7ddb43e2a809a2862b83a \
    --hash=sha256:f29633129f9fa7e88a3f0fca835de2d030bfc9643f7799e1a0c46cee24d38fc7 \
    --hash=sha256:f55fa87b6c612ecd6b058f167c53231b1d14e412efe361d3d6e38b3631c73218 \
    --hash=sha256:fdaf5ea890a6183d0565f51a61799d67081bd5b1cf03c5f4b3fd3732108625c9
    # via
    #   rubricon (pyproject.toml)
    #   formulaic
    #   statsmodels
six==1.17.0 \
    --hash=sha256:4721f391ed90541fddacab5acf947aa0d3dc7d27b2e1e8eda2be8970586c3274 \
    --hash=sha256:ff70335d468e7eb6ec65b95b99d3a2836546063f63acc5171de367e834932a81
    # via python-dateutil
sortedcontainers==2.4.0 \
    --hash=sha256:25caa5a06cc30b6b83d11423433f65d1f9d76c4c6a0c90e3379eaa43b9bfdb88 \
    --hash=sha256:a163dcaede0f1c021485e957a39245190e74249897e2ae4b2aa38595db237ee0
    # via hypothesis
statsmodels==0.15.0 \
    --hash=sha256:04e65ee05475aeceb9cb954cf96c0f9361b9cdfd497b8aae47afbab0c7c786dd \
    --hash=sha256:081adf7e5f2da63f63cbd90491447de5d4c4c2921f19814f235bcf3e736edd3c \
    --hash=sha256:09fe34ac80e147cd76cb702ba672559ee3c5dd3ba15c25a232922b46e5ffe70e \
    --hash=sha256:0a42d58efadd47352f805fcf7eeb000f3399fe9cda260055a81105a922443bdd \
    --hash=sha256:0ca5d27711f171ee478d547d5a8c5424d1820a1b73c2a3d6bf63f71ad4525f71 \
    --hash=sha256:0cb6228713fe47046b606daee63ed4473a7c246fa97cf0a6d6f20d3b0c96c051 \
    --hash=sha256:0e108365c5062ba1cf568a183cfc8da551ab8b2e84dbb00e1e87a6a714dd4cb3 \
    --hash=sha256:0ffe08752f420f12a0b03e8f7d8f3a45417615309b1f37f10561f9a53f044737 \
    --hash=sha256:103a83723f998897fbb5d5d0ff728cbe3755a90d9b1f22406bf58f305faff2e7 \
    --hash=sha256:1f1443cc1ff7683f3d7a9054e6dccd92040fbd4324616a0b6dbb8af1ce7889fb \
    --hash=sha256:24b9917a09bbe0227047e512a40652c4b9117c2cfbf19c4a5b9971a8944a8606 \
    --hash=sha256:27e9467fae83ff327c9d16ae5ea7e771bcdd66a682f49aa324eeefea5584f2d5 \
    --hash=sha256:333d0c70f269ff98b647f157d2ae7fbcf0617e6f9a5b1817fc6609766502292c \
    --hash=sha256:38038823fbe86f11e09433b4a0f4af5f102327c3137a1604b002ce3cf722a31f \
    --hash=sha256:3e5f870037ca154a4d177aeac68704a784b24cf2c45d86b046fc28e37a2a5584 \
    --hash=sha256:40b2737456e75d96866943e33017a1dffc9166025ee33b7eb373fbe8c7a85e09 \
    --hash=sha256:4f90dc4989bd82837c80059fdce132976d4e5a80100119d16e1b00537eb55867 \
    --hash=sha256:511a4f9cadbf91a690bfa863bb3e25dce583d8140046886fdf35fbfabfbce401 \
    --hash=sha256:5538a734dd28efd450bb38a5d5fc94d13ee709bc497e3e4c0a24b3803e3eac39 \
    --hash=sha256:583eb2a46f7c7a5c34a26715c8b6d92199bfb4f04623db5fff9902a3c7c832d3 \
    --hash=sha256:5891ad077b36d6401e44967739df3d2cdd380a0e6e9e46dadec7e3d3a828af55 \
    --hash=sha256:5a7ab98634d47048c6b7c168b3f8f71369e256d7314bc386168526f34c7699d7 \
    --hash=sha256:5d257fe58d0772bc46a557880ca78e2a8e07fec7bfd9d11074aef8e33e1aecbc \
    --hash=sha256:5e1214312d6362cebe0b5c53b4f478d9072559709000369dfc528211cb993e8a \
    --hash=sha256:6197b4cca69fd7bc23ab9430abf1c479764cfe74767467f51964a633dfade7a5 \
    --hash=sha256:65e64afc2655a486ea44a5ffe4e2b05ee3abbcb10ea61d1c02d3e9e519338d9b \
    --hash=sha256:733887a09ff878a2e29504eda684488b26bd134ba3539ac58d2136a58914c65a \
    --hash=sha256:74c0b63448f03020cc27a8ee698fbcf2ba91e61a9f9eee7978c0c4ed33a9b17f \
    --hash=sha256:7b5561f454d6b629bb45cb505df6fdb498f960d0de111bd81f215fa47b15a72d \
    --hash=sha256:7ef37437f740620a8da03437a29b1fc21bd9a70eeb231cd0d223cc4d766adb78 \
    --hash=sha256:80b946d7c922f46f045f25e50daf13439f79c05e403ba50081cad509892c8b26 \
    --hash=sha256:88dbe345ecf317862481b3c86305f42133082e5b366a3a8cf240a6caac404daf \
    --hash=sha256:8e8deb1e3d4ab89fec2a52815f1ec924920c4e0cdb307421a4e47cfed87c03ff \
    --hash=sha256:90df413d7e09474f7e7cbf8807440c1bf76298cdd9daabf9141f76d7627c9151 \
    --hash=sha256:90e75e726be2c9fc1d1d4c43337503a35864bdf5b4693773a08c6ee92d04a153 \
    --hash=sha256:972c33d9fe6bf907b853ba0eccb2f7cf3da90fdddbee002b8478bcaccf637e2a \
    --hash=sha256:a45026596c71afa18543ec2af40b895609c181fc3649433c1cded5ce23ec5cd4 \
    --hash=sha256:ac9bce461d0c8f529f8ed331a469eaa5dd7c3213c06b62623a2e5438a6383093 \
    --hash=sha256:af80f9658c48792947fc754a026ffbebca61a8b483253781973f604a67cf1f8c \
    --hash=sha256:b67886b66d9c7ca118526accedb5c6de7ffd74c015dc0492ea0b1690192b65da \
    --hash=sha256:ba89eb3ccb1c9c1e400d5081157305495b09350b3a65f2d66d3424ad1d3c4209 \
    --hash=sha256:bcaa1e4499697c4e023e5fa6fb04459a34e4f4a449c45ae441992e933bde24db \
    --hash=sha256:c3c1138b4d0e5b0c2387b17dafd2a0fd137c67bd869f70d4ee56feecc918cb0d \
    --hash=sha256:c6e20788141df134b83ffb43b8cccf135a876188f84124835c86f011f138adee \
    --hash=sha256:c6f2bd48915cc9b3b95c3c7f6ac363b6f8aaa38172962ba5f7f6885f0dfe57f2 \
    --hash=sha256:cc37bb71f4b1e8c9b07e9ce0d32e01fbabe231d323484d35b58e93683a5123e1 \
    --hash=sha256:cf897abce5616e2763ab7d7a7fa914677df87a649971f877b83a358c98f6e291 \
    --hash=sha256:d37d574412a47a71561c0b28c5f876137a86f26fa91e889a879950e22b4e9b4f \
    --hash=sha256:d48ba61db0d13d3033330e6bd1f864dfa9b48c0b952b3b0f7570206b35d552e5 \
    --hash=sha256:dd184e911a1a8c52e5c1c27b43ccd10c24faec08053271ca1a35276cae0a3ada \
    --hash=sha256:dde0657d18e322eedb2540a84c0582e97afd0f78c370b45eebb0d4ac228a7a83 \
    --hash=sha256:eb7fc1147cd8d17132190db7a8e63cd76a06145dec502816d8f3c20619923f2b \
    --hash=sha256:ecf84918dcd410ab34d3d85d34e0b16ebb10319c9fc77dbf9a1f1a49324c59f8 \
    --hash=sha256:edd803f4606061af8c7a83e2326ea294cbfa802a908dfbda4a88347301fb6820 \
    --hash=sha256:edee066ac9b171d95c3de925225331a21de1deb5b6452f252bc853e44566e72b
    # via rubricon (pyproject.toml)
typing-extensions==4.16.0 \
    --hash=sha256:481caa481374e813c1b176ada14e97f1f67a4539ce9cfeb3f350d78d6370c2e8 \
    --hash=sha256:dc983d19a509c94dba722ee6abd33940f7c05a89e243c47e907eb4db6f1a43e5
    # via formulaic
tzdata==2026.4 ; sys_platform == 'emscripten' or sys_platform == 'win32' \
    --hash=sha256:c2169a8b0a7a5e9674da5a135ccdfb2b3e671b333ed9fed17b41f73c34476e81 \
    --hash=sha256:f1b8bd365d8d210c55353f4d7f8d6d8561c0ba50d704b700d195a9424bba0d79
    # via pandas
wrapt==2.5.0 \
    --hash=sha256:05246a100da68259af521b88788f131ba005465f1c95d358cc3c03ec5e351b52 \
    --hash=sha256:05b7a271e21598694dcb7a6d6224f04e80ecc24b00a31ec57c658196377b0b29 \
    --hash=sha256:0810e060e58f7960405172ad21080df8e7335841c9fe97417bd7d3f05af24f90 \
    --hash=sha256:0a7a369e7fca9fc8c2c50df634382009b09af416853da3d4515e4bb048a5b9ee \
    --hash=sha256:0cabb9c17ab79b2549d1f23b36f436473ad9253ef53995a817feba26fae69d5b \
    --hash=sha256:0d245ac03f5ae77f1eea6eb19edd9e778c2f772490c20496c2f1cd3a102ee1b6 \
    --hash=sha256:0dfc38cb672af51fc29696ba9c6f05d2315f5e62c4af2564e50f07f81198a163 \
    --hash=sha256:0ea62bc142f4fa8b2e0ab058f50699ccd679ef6199c8fa3cc1c2396c7a659000 \
    --hash=sha256:107eea1a511e98a3a5033b0c2cb403fbb37f05dee6ac1fb85c0460d311ec278c \
    --hash=sha256:1122f4f9e363da804ccba05a9f0f39baa3716eb82452c929258bc3f1420c899b \
    --hash=sha256:148052fc55013930217f531c6978e918ab210a12bd73cc9bd6de661a7adaf620 \
    --hash=sha256:181a45000506a6382eb337354ca7e8525690702f1ccf2eae4f23a210ff339543 \
    --hash=sha256:18baaf966bdc22dbdbe6e4323da8c17c0b7e8ea941dccf5426e741ae398953d9 \
    --hash=sha256:1a3c4035d2026b87ef23dd8d165f1f8d3853ee2bd02791cfd22bd8c6226c41ce \
    --hash=sha256:1b35ef7379323a149a6398f6261248bf48b61666210bd69e2ab24a9a9afdedc0 \
    --hash=sha256:1ccd22ef8690ca302425f26d4c3e8b24f1284d4351d20e49ce21f9c0dd58d64d \
    --hash=sha256:1d4da5f0e9a719471502b0db80d5c97503aeca796b7aeb9ab8f47403b2be76e6 \
    --hash=sha256:1ebc0d09906057ada57a32158a657364ca40b8f86e604da3e7d979069b601502 \
    --hash=sha256:1f17c5a3836397bf59fd57b0e5b0dc42969b1daa70d31aa361c6e13cbf138b5a \
    --hash=sha256:1ffb2823c95dbeb8a47fedfba9636b2afeb0a8ef94b66df97bd081bdfe5a263f \
    --hash=sha256:21cfe343ef9c2deb865ad0d5c57822266447c88dcf6d8805dd8c363fe367f30c \
    --hash=sha256:23a9d6cb6413359b76f030d6bbb75340b7669c69da245dde2919a4c93708993b \
    --hash=sha256:2ac82ef59ee05e259902bc7cf73dee5e6397845e8ccdc376d9d25536b59a877c \
    --hash=sha256:2e3d110d7f99644946f249927c346d9dba507a78815d1bcebdbf0d94c14c5649 \
    --hash=sha256:2fd8a61c31220840c7f52621cf51c961af5058bd009a55bcdf4a6732bdb13b35 \
    --hash=sha256:30cf86d1e35a57e772e4709a137c1731751255439368a41b1a2519561e385f4e \
    --hash=sha256:36703cafc2ec059e118c2175e6cb7ad7299c2924aecdcb1b7a7ebbf7a3e20c19 \
    --hash=sha256:3f5dfb867d3f58fde0d850a302f1164bb83f4a922b037882bcc7e0474aa8312f \
    --hash=sha256:425349a99b8c9540399d36620c376dc26e6aca93071cd6fafa239c2f1b5d53a4 \
    --hash=sha256:4343880acd72e74233baf092285aaaf4306244e31d7601828bd2600316027df0 \
    --hash=sha256:439523506fd0d9af4f76d75f2e46aa4979e164fecba6890859326ff06edbaf9c \
    --hash=sha256:47abb2bb7f15b416e72fbe5e68e49a6f09331dae6af1ca6055f5aa2251d2bd2f \
    --hash=sha256:513dd1f4a1f91030d5656d9f4b3af8aa490d4db1eb53481e6846b8a5ee7acfcd \
    --hash=sha256:5375ff1d2159e2ef847449e3dd2329441423d0a3d895d123273a67095fe7ca0c \
    --hash=sha256:5421acb5c363a9bc959122a8645e3f1f42010c932dc53885b11a5ff5b5a6d730 \
    --hash=sha256:557ebf4ce5568588368675014a2540405db687c2e4c7ad1eb83aa7e857be1864 \
    --hash=sha256:57fa1a3fd1279b3ca7655b943ad61d298f2a2464a4cdca7ff298058e408322f9 \
    --hash=sha256:58b2a87c65cbfb20917ec48ace47f71b1962c1f81dbf18a4052e3037abf72028 \
    --hash=sha256:5df50c6133a63071fb77a0a091ceae36e78467b728d65e711ded02510edd9855 \
    --hash=sha256:6058e12e9caa33468f9a36fb88c15a4bb30a479f997b37834b83abdbf062f264 \
    --hash=sha256:6119e5d5bda268171af1f68ab5e7544c618f02a9bdc7c3929a458b719b88cd03 \
    --hash=sha256:61253431e5a6f0eaeae71e2a101753fbaf4360b3e4dd8e118177d565ae119d40 \
    --hash=sha256:6269637d9a54990430b4a769df15833935a46c4d004d9fe8a153bbadf0b9a097 \
    --hash=sha256:63e58f96849f622ce769dcd705f83c7445cd9829bce1dae00e78bb031aec8096 \
    --hash=sha256:65f2ee406dc592a5b22a7dc6abac13e8a3e8de4b2ecf5dc3c22937865496e4b6 \
    --hash=sha256:672dd1bab4256311db1520b1b50e7a10cbaeaae2b0ac6bc5d858cc387ee605a2 \
    --hash=sha256:6761765cc520ff9616fb035c02a85d1d744f7f70edd4649718fd0d09c589eacf \
    --hash=sha256:691671ea05684f921ffc2e935fd3f9311c1795a10fbbfa006b46269733668f66 \
    --hash=sha256:6a31cc61ad1be4091f5b094c91d53d206609928af13b7b24573cb857a3bc07fc \
    --hash=sha256:6a9ee62a970075738909909bdbef3a7da9f7ae03dfca584db283547a29503b56 \
    --hash=sha256:7138b0e7990e5555a905c519e8dad17c1da1f20e08b283e202c414229065740f \
    --hash=sha256:734ea79e4707751fb7cc4f716123b2115cd16ed0c4926e803540aece22e3ba67 \
    --hash=sha256:76fb341d5a707a4f211631b8c77259b2df149147e9d9c245ae6ba3dd936bfdfb \
    --hash=sha256:77f0a74ff6f6cf89f5b673a732d5afe1911a6e6b1c017260836fdfdf85518dc1 \
    --hash=sha256:78b7bdaa8b27b7f7607c66bdb6ab15c1dcbd9e9a1556a253a347dad511f615d1 \
    --hash=sha256:79e68f0fd7d381b9bbd71776f602a2d5440d4d2077459128e02fd6607465422c \
    --hash=sha256:7e25e9697f60af41fb86b08697e470b1e7eb6cd6ac0eb25e4b1f519839adc271 \
    --hash=sha256:7e2af7ff9553c492f684a41d903ec41e37bf6267ee3206c17518a349201cae46 \
    --hash=sha256:8837fbe708cb9d8a2d32a37dee836d24a531f02560db26418e2b181986fa21cb \
    --hash=sha256:88bb24b9fdccb1d805258d5648533206eb58c58b6554985c47db53a89c11be85 \
    --hash=sha256:94ebe745d1b0ebd3af91e22c38961616d32a228bdf9c326e7d4a6007a623d48e \
    --hash=sha256:99f8ea48f14a71c5e2df8763e9a490e8af63096dcd67755b7bab0a4b74fc7cd7 \
    --hash=sha256:a039b009693b58f7e0cf6121851218c2227223e7601cc24ed4957ba0990fd25b \
    --hash=sha256:a10e9af5d4c5977d2d93e75d1662d076a8e8bf8c499dac7be4e78ebd8e0b59af \
    --hash=sha256:a145a7826eddea3eb5814903f98f93756042b919bb5305544cb1331daa2705b1 \
    --hash=sha256:a346408f19b6d589bf029f25f65c0b4cdeed6302ef8f40da4e5d1552d22dc037 \
    --hash=sha256:a45a5249a6965d91aac9f991fda7c17e6b8b41fe91592a6099f182bf53c82724 \
    --hash=sha256:a5bb346a34499e091e4fa23df58251ad192173c088e5413d893ca1c730c133c7 \
    --hash=sha256:aae2f5f4c77335a39ebe5a1c77d5519f6cefefc7dbff50bd551e3771d927e3fc \
    --hash=sha256:ab45839c912777e2738fed369636589c8b2a6d9c44ca56de0fd0814581d467c2 \
    --hash=sha256:b312b3cc87951faaed3cfef984d768ee8bee7f935d9cc929aaa9946b0b96a98c \
    --hash=sha256:b58138d19f34e32833e62de5e910bc2a8baae43310b921d783bd39b15227c2dd \
    --hash=sha256:b620d7559b6b2197c5730332fab0867ecf1c8cb74d45533ebbcbcad1eacf4616 \
    --hash=sha256:b640460f0ffb346b192686bd6fac5589e35a6c6640501c59a9fb6e82b0dd6bd8 \
    --hash=sha256:b898caea081303006decc562c7fca5126f7c96507e78dd8f1ae3285dfa50ddc7 \
    --hash=sha256:b95a6eca3b927853529eea958310563c83140ae8451dd5dc4399c7da385dc4f3 \
    --hash=sha256:bad63bb4dea3c58e8078a3a173259ac2df5442a437e49c632b4099c0250e803b \
    --hash=sha256:bc5607c1911c92530cb402ea90d818933cffb28bd8de9b453a2542279816d8c7 \
    --hash=sha256:bc6491d3008ecabf685b0746f03ad8241a0950336939b14addb03af39b51a316 \
    --hash=sha256:bcd42e7b69c8c1e33a29b79b28de03bdc08876a49745830f9162a3af860e06d0 \
    --hash=sha256:c3a78a3161b3a9bf07725822fd24d379c1f3f161b6db49166c4131096ea73b4c \
    --hash=sha256:c3dfb16e047c912e1a06bfbc45da752219f474897be85f55b8069f7936b08cc0 \
    --hash=sha256:c48cdb6c904dca76d9915a579e4a5fab6b0c25f650c1019ce78a78effaf7a345 \
    --hash=sha256:c57ddae24cf72eb6bd18112638a987cafe6109d90f2df111e6934362cc03ac1a \
    --hash=sha256:c932273bc43b068538f3874fa5e6c2a60f33fa0b11c1ebc7768652f6a0608943 \
    --hash=sha256:cbd45dfba6b5c1bfbabe1feb3c0f117fbd62416e98268d9a7cd9ad8802875356 \
    --hash=sha256:ce4cab32c37ef71e69cf88f909b7febd0dd79543e5ae3650e2b874e0f3d3b975 \
    --hash=sha256:d75d6366203c8d025c1a74bae0b565952187ddae79bd5c7bf10687652a56f020 \
    --hash=sha256:def66258d97ebf1e4e97def12c5daa542d1cc728a3da83ed3a43933f56df6dab \
    --hash=sha256:dfedf844892bf88f387cdeb9fa9bff1186904417c9f05087c99241bec24a65cc \
    --hash=sha256:e0345d4c1f7aa5a27075d28a7f0e9ed386729198045f1f08b47f8320d6bbda23 \
    --hash=sha256:e3c6fb1c1a516881353186bed9cfcb8899f968c03b3509720c79db0d967acf3b \
    --hash=sha256:e5d4885c5625c9d2dcb49458700851574e9d0ea046c7a265526e990282f8ae8e \
    --hash=sha256:e716f47c7f61e11709d3c0904213c94fc22999abf0c41461276cef886c1e8b4d \
    --hash=sha256:ea4fdc79c0045d6bb1603c109127145245cafe888588888444e1e37fbeadbac3 \
    --hash=sha256:f12e80c3089ebc03727d368f8205b811b5af2cd4a72b5e4cac75e901dd316e39 \
    --hash=sha256:f42239c89430eee2d8a6dec39e34677abdbb67fff63caf2467dd6124ea4d4d58 \
    --hash=sha256:f4ef4935962f7029b2058a99f1a47ccbffc3be919dddb3becb6c2c48eac3d9f0 \
    --hash=sha256:fd91203e156d610ecb28b9ccd7b764af7a7b38662d7c163090babab0d10def0c \
    --hash=sha256:fe09aac4837ec720af606a493e814dcc3f65631984e1b7231b589efcf9917024 \
    --hash=sha256:ff909b934b1958e31784d412abab5cbb0709fdbc01c86f22965e1d15331371ba
    # via formulaic
